gopkg.hlmpn.dev/pkg/go-logger v0.0.5 h1:HKCNDx9BmUq0KCAFJqyaOPagB5bWXtUzMdUhF0A/Eak=
gopkg.hlmpn.dev/pkg/go-logger v0.0.5/go.mod h1:VmMZJ3oBLEOxOeCGV+Y5LT2xcu7JDDb6rT2b9Prwi2Y=
gopkg.hlmpn.dev/pkg/xprint v0.0.4 h1:lnuHowSInsNSzYfm5lqTmvaZAf4O0M+PDPpAgk62jZ0=
gopkg.hlmpn.dev/pkg/xprint v0.0.4/go.mod h1:r4VnMLzbvcz9y1u2h3tKpN84b89zRpGuYU231l8Wxd4=
