github.com/goccy/go-reflect v1.2.0 h1:O0T8rZCuNmGXewnATuKYnkL0xm6o8UNOJZd/gOkb9ms=
github.com/goccy/go-reflect v1.2.0/go.mod h1:n0oYZn8VcV2CkWTxi8B9QjkCoq6GTtCEdfmR66YhFtE=
gopkg.hlmpn.dev/pkg/go-logger v0.0.5 h1:HKCNDx9BmUq0KCAFJqyaOPagB5bWXtUzMdUhF0A/Eak=
gopkg.hlmpn.dev/pkg/go-logger v0.0.5/go.mod h1:VmMZJ3oBLEOxOeCGV+Y5LT2xcu7JDDb6rT2b9Prwi2Y=
